
Microsoft Visual Studio Solution File, Format Version 12.00
# Visual Studio Version 17
VisualStudioVersion = 17.4.33205.214
MinimumVisualStudioVersion = 10.0.40219.1
Project("{FAE04EC0-301F-11D3-BF4B-00C04F79EFBC}") = "MHT.DataAccess", "MHT.DataAccess\MHT.DataAccess.csproj", "{ED7FB664-3D3F-439A-B923-C2CD8C0E54FD}"
EndProject
Project("{FAE04EC0-301F-11D3-BF4B-00C04F79EFBC}") = "MHT.Entity", "MHT.Entity\MHT.Entity.csproj", "{3763B62E-0E15-4A57-BB1F-CF1D0CDE7F30}"
EndProject
Project("{FAE04EC0-301F-11D3-BF4B-00C04F79EFBC}") = "MHT.Business", "MHT.Business\MHT.Business.csproj", "{6527A0A9-2990-426C-9983-0F802945E7CC}"
EndProject
Project("{9A19103F-16F7-4668-BE54-9A1E7A4F7556}") = "zurafworks.Shared", "zurafworks.Shared\zurafworks.Shared.csproj", "{96699336-4F98-48DF-B336-1F73C713AD93}"
EndProject
Project("{FAE04EC0-301F-11D3-BF4B-00C04F79EFBC}") = "MHT.FormUI", "MHT.FormUI\MHT.FormUI.csproj", "{82F20E02-4D12-4456-B739-14427406D8A4}"
EndProject
Global
	GlobalSection(SolutionConfigurationPlatforms) = preSolution
		Debug|Any CPU = Debug|Any CPU
		Release|Any CPU = Release|Any CPU
	EndGlobalSection
	GlobalSection(ProjectConfigurationPlatforms) = postSolution
		{ED7FB664-3D3F-439A-B923-C2CD8C0E54FD}.Debug|Any CPU.ActiveCfg = Debug|Any CPU
		{ED7FB664-3D3F-439A-B923-C2CD8C0E54FD}.Debug|Any CPU.Build.0 = Debug|Any CPU
		{ED7FB664-3D3F-439A-B923-C2CD8C0E54FD}.Release|Any CPU.ActiveCfg = Release|Any CPU
		{ED7FB664-3D3F-439A-B923-C2CD8C0E54FD}.Release|Any CPU.Build.0 = Release|Any CPU
		{3763B62E-0E15-4A57-BB1F-CF1D0CDE7F30}.Debug|Any CPU.ActiveCfg = Debug|Any CPU
		{3763B62E-0E15-4A57-BB1F-CF1D0CDE7F30}.Debug|Any CPU.Build.0 = Debug|Any CPU
		{3763B62E-0E15-4A57-BB1F-CF1D0CDE7F30}.Release|Any CPU.ActiveCfg = Release|Any CPU
		{3763B62E-0E15-4A57-BB1F-CF1D0CDE7F30}.Release|Any CPU.Build.0 = Release|Any CPU
		{6527A0A9-2990-426C-9983-0F802945E7CC}.Debug|Any CPU.ActiveCfg = Debug|Any CPU
		{6527A0A9-2990-426C-9983-0F802945E7CC}.Debug|Any CPU.Build.0 = Debug|Any CPU
		{6527A0A9-2990-426C-9983-0F802945E7CC}.Release|Any CPU.ActiveCfg = Release|Any CPU
		{6527A0A9-2990-426C-9983-0F802945E7CC}.Release|Any CPU.Build.0 = Release|Any CPU
		{96699336-4F98-48DF-B336-1F73C713AD93}.Debug|Any CPU.ActiveCfg = Debug|Any CPU
		{96699336-4F98-48DF-B336-1F73C713AD93}.Debug|Any CPU.Build.0 = Debug|Any CPU
		{96699336-4F98-48DF-B336-1F73C713AD93}.Release|Any CPU.ActiveCfg = Release|Any CPU
		{96699336-4F98-48DF-B336-1F73C713AD93}.Release|Any CPU.Build.0 = Release|Any CPU
		{82F20E02-4D12-4456-B739-14427406D8A4}.Debug|Any CPU.ActiveCfg = Debug|Any CPU
		{82F20E02-4D12-4456-B739-14427406D8A4}.Debug|Any CPU.Build.0 = Debug|Any CPU
		{82F20E02-4D12-4456-B739-14427406D8A4}.Release|Any CPU.ActiveCfg = Release|Any CPU
		{82F20E02-4D12-4456-B739-14427406D8A4}.Release|Any CPU.Build.0 = Release|Any CPU
	EndGlobalSection
	GlobalSection(SolutionProperties) = preSolution
		HideSolutionNode = FALSE
	EndGlobalSection
	GlobalSection(ExtensibilityGlobals) = postSolution
		SolutionGuid = {81ABF32F-135D-400F-9E57-BAC3E6A8EF94}
	EndGlobalSection
EndGlobal
