
Microsoft Visual Studio Solution File, Format Version 12.00
# Visual Studio Version 17
VisualStudioVersion = 17.4.33205.214
MinimumVisualStudioVersion = 10.0.40219.1
Project("{9A19103F-16F7-4668-BE54-9A1E7A4F7556}") = "zurafworks.Shared", "zurafworks.Shared.csproj", "{B021EC76-6290-4A24-A4AC-F617EAA0A316}"
EndProject
Global
	GlobalSection(SolutionConfigurationPlatforms) = preSolution
		Debug|Any CPU = Debug|Any CPU
		Release|Any CPU = Release|Any CPU
	EndGlobalSection
	GlobalSection(ProjectConfigurationPlatforms) = postSolution
		{B021EC76-6290-4A24-A4AC-F617EAA0A316}.Debug|Any CPU.ActiveCfg = Debug|Any CPU
		{B021EC76-6290-4A24-A4AC-F617EAA0A316}.Debug|Any CPU.Build.0 = Debug|Any CPU
		{B021EC76-6290-4A24-A4AC-F617EAA0A316}.Release|Any CPU.ActiveCfg = Release|Any CPU
		{B021EC76-6290-4A24-A4AC-F617EAA0A316}.Release|Any CPU.Build.0 = Release|Any CPU
	EndGlobalSection
	GlobalSection(SolutionProperties) = preSolution
		HideSolutionNode = FALSE
	EndGlobalSection
	GlobalSection(ExtensibilityGlobals) = postSolution
		SolutionGuid = {23DCE7A8-3B5A-4F55-851B-3389AC678689}
	EndGlobalSection
EndGlobal
